<Solution>
  <Folder Name="/src/">
    <Project Path="src/Amule/Amule.csproj" />
    <Project Path="src/Desktop/Desktop.csproj" />
  </Folder>
  <Folder Name="/tests/">
    <Project Path="tests/Smoke/Smoke.csproj" />
    <Project Path="tests/Layout/Layout.csproj" />
    <Project Path="tests/GridUi/GridUi.csproj" />
  </Folder>
</Solution>
